
Microsoft Visual Studio Solution File, Format Version 12.00
# Visual Studio Version 17
VisualStudioVersion = 17.9.34607.119
MinimumVisualStudioVersion = 10.0.40219.1
Project("{9A19103F-16F7-4668-BE54-9A1E7A4F7556}") = "TaskSignalR", "TaskSignalR.csproj", "{619E7E2A-D1B1-480F-B403-39DFEEE6E904}"
EndProject
Project("{9A19103F-16F7-4668-BE54-9A1E7A4F7556}") = "TaskSignalR.DAL", "..\TaskSignalR.DAL\TaskSignalR.DAL.csproj", "{3E3DE7B4-8921-4AC2-9BD1-C33C6F0CA1C2}"
EndProject
Project("{9A19103F-16F7-4668-BE54-9A1E7A4F7556}") = "TaskSignalR.BLL", "..\TaskSignalR.BLL\TaskSignalR.BLL.csproj", "{ADDDAC75-1AC2-4A02-B3E5-F276BAEF158B}"
EndProject
Project("{FAE04EC0-301F-11D3-BF4B-00C04F79EFBC}") = "TaskSignalR.Tests", "..\TaskSignalR.Tests\TaskSignalR.Tests.csproj", "{146971C3-166F-440A-B62B-CB56E58B3AB2}"
EndProject
Global
	GlobalSection(SolutionConfigurationPlatforms) = preSolution
		Debug|Any CPU = Debug|Any CPU
		Release|Any CPU = Release|Any CPU
	EndGlobalSection
	GlobalSection(ProjectConfigurationPlatforms) = postSolution
		{619E7E2A-D1B1-480F-B403-39DFEEE6E904}.Debug|Any CPU.ActiveCfg = Debug|Any CPU
		{619E7E2A-D1B1-480F-B403-39DFEEE6E904}.Debug|Any CPU.Build.0 = Debug|Any CPU
		{619E7E2A-D1B1-480F-B403-39DFEEE6E904}.Release|Any CPU.ActiveCfg = Release|Any CPU
		{619E7E2A-D1B1-480F-B403-39DFEEE6E904}.Release|Any CPU.Build.0 = Release|Any CPU
		{3E3DE7B4-8921-4AC2-9BD1-C33C6F0CA1C2}.Debug|Any CPU.ActiveCfg = Debug|Any CPU
		{3E3DE7B4-8921-4AC2-9BD1-C33C6F0CA1C2}.Debug|Any CPU.Build.0 = Debug|Any CPU
		{3E3DE7B4-8921-4AC2-9BD1-C33C6F0CA1C2}.Release|Any CPU.ActiveCfg = Release|Any CPU
		{3E3DE7B4-8921-4AC2-9BD1-C33C6F0CA1C2}.Release|Any CPU.Build.0 = Release|Any CPU
		{ADDDAC75-1AC2-4A02-B3E5-F276BAEF158B}.Debug|Any CPU.ActiveCfg = Debug|Any CPU
		{ADDDAC75-1AC2-4A02-B3E5-F276BAEF158B}.Debug|Any CPU.Build.0 = Debug|Any CPU
		{ADDDAC75-1AC2-4A02-B3E5-F276BAEF158B}.Release|Any CPU.ActiveCfg = Release|Any CPU
		{ADDDAC75-1AC2-4A02-B3E5-F276BAEF158B}.Release|Any CPU.Build.0 = Release|Any CPU
		{146971C3-166F-440A-B62B-CB56E58B3AB2}.Debug|Any CPU.ActiveCfg = Debug|Any CPU
		{146971C3-166F-440A-B62B-CB56E58B3AB2}.Debug|Any CPU.Build.0 = Debug|Any CPU
		{146971C3-166F-440A-B62B-CB56E58B3AB2}.Release|Any CPU.ActiveCfg = Release|Any CPU
		{146971C3-166F-440A-B62B-CB56E58B3AB2}.Release|Any CPU.Build.0 = Release|Any CPU
	EndGlobalSection
	GlobalSection(SolutionProperties) = preSolution
		HideSolutionNode = FALSE
	EndGlobalSection
	GlobalSection(ExtensibilityGlobals) = postSolution
		SolutionGuid = {1AD1704C-C885-4EF3-8CB0-844832C641EB}
	EndGlobalSection
EndGlobal
